
Microsoft Visual Studio Solution File, Format Version 12.00
# Visual Studio 15
VisualStudioVersion = 15.0.28307.421
MinimumVisualStudioVersion = 10.0.40219.1
Project("{FAE04EC0-301F-11D3-BF4B-00C04F79EFBC}") = "Shapes", "Shapes\Shapes.csproj", "{8CB3B056-17CF-4CA9-9068-04BB6AFD18FE}"
EndProject
Project("{FAE04EC0-301F-11D3-BF4B-00C04F79EFBC}") = "Cars", "Cars\Cars.csproj", "{1BC2C3B9-D7F9-4CBF-960E-8DD82E796086}"
EndProject
Global
	GlobalSection(SolutionConfigurationPlatforms) = preSolution
		Debug|Any CPU = Debug|Any CPU
		Release|Any CPU = Release|Any CPU
	EndGlobalSection
	GlobalSection(ProjectConfigurationPlatforms) = postSolution
		{8CB3B056-17CF-4CA9-9068-04BB6AFD18FE}.Debug|Any CPU.ActiveCfg = Debug|Any CPU
		{8CB3B056-17CF-4CA9-9068-04BB6AFD18FE}.Debug|Any CPU.Build.0 = Debug|Any CPU
		{8CB3B056-17CF-4CA9-9068-04BB6AFD18FE}.Release|Any CPU.ActiveCfg = Release|Any CPU
		{8CB3B056-17CF-4CA9-9068-04BB6AFD18FE}.Release|Any CPU.Build.0 = Release|Any CPU
		{1BC2C3B9-D7F9-4CBF-960E-8DD82E796086}.Debug|Any CPU.ActiveCfg = Debug|Any CPU
		{1BC2C3B9-D7F9-4CBF-960E-8DD82E796086}.Debug|Any CPU.Build.0 = Debug|Any CPU
		{1BC2C3B9-D7F9-4CBF-960E-8DD82E796086}.Release|Any CPU.ActiveCfg = Release|Any CPU
		{1BC2C3B9-D7F9-4CBF-960E-8DD82E796086}.Release|Any CPU.Build.0 = Release|Any CPU
	EndGlobalSection
	GlobalSection(SolutionProperties) = preSolution
		HideSolutionNode = FALSE
	EndGlobalSection
	GlobalSection(ExtensibilityGlobals) = postSolution
		SolutionGuid = {1F38F17E-A7DC-4220-8740-F888FBD70FBD}
	EndGlobalSection
EndGlobal
