
Microsoft Visual Studio Solution File, Format Version 12.00
# Visual Studio 15
VisualStudioVersion = 15.0.28307.421
MinimumVisualStudioVersion = 10.0.40219.1
Project("{9A19103F-16F7-4668-BE54-9A1E7A4F7556}") = "BankAccount", "BankAccount\BankAccount.csproj", "{6AEF1A59-7488-4410-8550-2CEAD0DD21A5}"
EndProject
Project("{FAE04EC0-301F-11D3-BF4B-00C04F79EFBC}") = "PersonClass", "PersonClass\PersonClass.csproj", "{B4273B30-D152-4CA9-979A-5E0A45AFF4CA}"
EndProject
Global
	GlobalSection(SolutionConfigurationPlatforms) = preSolution
		Debug|Any CPU = Debug|Any CPU
		Release|Any CPU = Release|Any CPU
	EndGlobalSection
	GlobalSection(ProjectConfigurationPlatforms) = postSolution
		{6AEF1A59-7488-4410-8550-2CEAD0DD21A5}.Debug|Any CPU.ActiveCfg = Debug|Any CPU
		{6AEF1A59-7488-4410-8550-2CEAD0DD21A5}.Debug|Any CPU.Build.0 = Debug|Any CPU
		{6AEF1A59-7488-4410-8550-2CEAD0DD21A5}.Release|Any CPU.ActiveCfg = Release|Any CPU
		{6AEF1A59-7488-4410-8550-2CEAD0DD21A5}.Release|Any CPU.Build.0 = Release|Any CPU
		{B4273B30-D152-4CA9-979A-5E0A45AFF4CA}.Debug|Any CPU.ActiveCfg = Debug|Any CPU
		{B4273B30-D152-4CA9-979A-5E0A45AFF4CA}.Debug|Any CPU.Build.0 = Debug|Any CPU
		{B4273B30-D152-4CA9-979A-5E0A45AFF4CA}.Release|Any CPU.ActiveCfg = Release|Any CPU
		{B4273B30-D152-4CA9-979A-5E0A45AFF4CA}.Release|Any CPU.Build.0 = Release|Any CPU
	EndGlobalSection
	GlobalSection(SolutionProperties) = preSolution
		HideSolutionNode = FALSE
	EndGlobalSection
	GlobalSection(ExtensibilityGlobals) = postSolution
		SolutionGuid = {332D210E-4F62-42BA-899D-400E32813FBB}
	EndGlobalSection
EndGlobal
